{
  "version": 4,
  "terraform_version": "1.15.8",
  "serial": 21,
  "lineage": "5391ffac-abf9-ee33-acd9-8ab1c4bb25a5",
  "outputs": {},
  "resources": [
    {
      "mode": "managed",
      "type": "local_file",
      "name": "ansible_inventory",
      "provider": "provider[\"registry.terraform.io/hashicorp/local\"]",
      "instances": [
        {
          "schema_version": 0,
          "attributes": {
            "content": "[all]\nk8s-master-0 ansible_host=192.168.0.70 ansible_user=ubuntu etcd_member_name=etcd1\nk8s-worker-0 ansible_host=192.168.0.90 ansible_user=ubuntu\n\n[kube_control_plane]\nk8s-master-0\n\n[etcd]\nk8s-master-0\n\n[kube_node]\nk8s-worker-0\n\n[calico_rr]\n\n[k8s_cluster:children]\nkube_control_plane\nkube_node\ncalico_rr",
            "content_base64": null,
            "content_base64sha256": "AT+R+WAknswRbrnOJ3k2PWkH0/VCGKYeu+VEZTMevwY=",
            "content_base64sha512": "qhKY6uohqSfnPWwhBL+zD14I9InZSFcUicYumJwMFq6R/kW8gt7Y57xnuIjcSnGhgFwyjIfGZdoUyyO7c2tD2A==",
            "content_md5": "e00bc16c66b368dec403d974fcc79628",
            "content_sha1": "42650a9e3f70b2ec97b3cc78a1ea3c2d64eefdda",
            "content_sha256": "013f91f960249ecc116eb9ce2779363d6907d3f54218a61ebbe54465331ebf06",
            "content_sha512": "aa1298eaea21a927e73d6c2104bfb30f5e08f489d948571489c62e989c0c16ae91fe45bc82ded8e7bc67b888dc4a71a1805c328c87c665da14cb23bb736b43d8",
            "directory_permission": "0777",
            "file_permission": "0600",
            "filename": "inventory.ini",
            "id": "42650a9e3f70b2ec97b3cc78a1ea3c2d64eefdda",
            "sensitive_content": null,
            "source": null
          },
          "sensitive_attributes": [
            [
              {
                "type": "get_attr",
                "value": "sensitive_content"
              }
            ]
          ],
          "identity_schema_version": 0,
          "dependencies": [
            "proxmox_vm_qemu.masters",
            "proxmox_vm_qemu.workers"
          ]
        }
      ]
    },
    {
      "mode": "managed",
      "type": "proxmox_vm_qemu",
      "name": "masters",
      "provider": "provider[\"registry.terraform.io/telmate/proxmox\"]",
      "instances": [
        {
          "index_key": 0,
          "schema_version": 0,
          "attributes": {
            "additional_wait": 5,
            "agent": 1,
            "agent_timeout": 90,
            "args": "",
            "automatic_reboot": true,
            "automatic_reboot_severity": "error",
            "balloon": 0,
            "bios": "seabios",
            "boot": "c",
            "bootdisk": "scsi0",
            "ci_wait": null,
            "cicustom": null,
            "cipassword": "",
            "ciupgrade": false,
            "ciuser": "ubuntu",
            "clone": "ubuntu-2204-cloud-init",
            "clone_id": null,
            "clone_wait": 10,
            "cores": 2,
            "cpu": [],
            "cpu_type": "host",
            "current_node": "eno",
            "default_ipv4_address": "192.168.0.70",
            "default_ipv6_address": "",
            "define_connection_info": true,
            "desc": null,
            "description": "Managed by Terraform.",
            "disk": [
              {
                "asyncio": "",
                "backup": true,
                "cache": "",
                "discard": false,
                "disk_file": "",
                "emulatessd": false,
                "format": "raw",
                "id": 0,
                "iops_r_burst": 0,
                "iops_r_burst_length": 0,
                "iops_r_concurrent": 0,
                "iops_wr_burst": 0,
                "iops_wr_burst_length": 0,
                "iops_wr_concurrent": 0,
                "iothread": false,
                "iso": "",
                "linked_disk_id": 0,
                "mbps_r_burst": 0,
                "mbps_r_concurrent": 0,
                "mbps_wr_burst": 0,
                "mbps_wr_concurrent": 0,
                "passthrough": false,
                "readonly": false,
                "replicate": false,
                "serial": "",
                "size": "",
                "slot": "ide2",
                "storage": "local-lvm",
                "type": "cloudinit",
                "wwn": ""
              },
              {
                "asyncio": "",
                "backup": true,
                "cache": "",
                "discard": true,
                "disk_file": "",
                "emulatessd": false,
                "format": "raw",
                "id": 0,
                "iops_r_burst": 0,
                "iops_r_burst_length": 0,
                "iops_r_concurrent": 0,
                "iops_wr_burst": 0,
                "iops_wr_burst_length": 0,
                "iops_wr_concurrent": 0,
                "iothread": false,
                "iso": "",
                "linked_disk_id": -1,
                "mbps_r_burst": 0,
                "mbps_r_concurrent": 0,
                "mbps_wr_burst": 0,
                "mbps_wr_concurrent": 0,
                "passthrough": false,
                "readonly": false,
                "replicate": false,
                "serial": "",
                "size": "160G",
                "slot": "scsi0",
                "storage": "local-lvm",
                "type": "disk",
                "wwn": ""
              }
            ],
            "disks": [],
            "efidisk": [],
            "force_create": false,
            "force_recreate_on_change_of": null,
            "full_clone": true,
            "hagroup": "",
            "hastate": "",
            "hostpci": [],
            "hotplug": "network,disk,usb",
            "id": "eno/qemu/300",
            "ipconfig0": "ip=192.168.0.70/24,gw=192.168.0.1",
            "ipconfig1": null,
            "ipconfig10": null,
            "ipconfig11": null,
            "ipconfig12": null,
            "ipconfig13": null,
            "ipconfig14": null,
            "ipconfig15": null,
            "ipconfig2": null,
            "ipconfig3": null,
            "ipconfig4": null,
            "ipconfig5": null,
            "ipconfig6": null,
            "ipconfig7": null,
            "ipconfig8": null,
            "ipconfig9": null,
            "kvm": true,
            "linked_vmid": 0,
            "machine": "",
            "memory": 2048,
            "name": "k8s-master-0",
            "nameserver": null,
            "network": [
              {
                "bridge": "vmbr0",
                "firewall": false,
                "id": 0,
                "link_down": false,
                "macaddr": "bc:24:11:6e:29:b8",
                "model": "virtio",
                "mtu": 0,
                "queues": 0,
                "rate": 0,
                "tag": 0
              }
            ],
            "numa": false,
            "onboot": null,
            "os_network_config": null,
            "os_type": null,
            "pci": [],
            "pcis": [],
            "pool": "",
            "power_state": null,
            "protection": false,
            "pxe": null,
            "qemu_os": "l26",
            "reboot_required": false,
            "rng": [],
            "scsihw": "virtio-scsi-pci",
            "searchdomain": null,
            "serial": [
              {
                "id": 0,
                "type": "socket"
              }
            ],
            "skip_ipv4": false,
            "skip_ipv6": false,
            "smbios": [
              {
                "family": "",
                "manufacturer": "",
                "product": "",
                "serial": "",
                "sku": "",
                "uuid": "3ab8a0da-d3d7-43f8-953a-d9baf7c4bf79",
                "version": ""
              }
            ],
            "sockets": 1,
            "ssh_forward_ip": null,
            "ssh_host": "192.168.0.70",
            "ssh_port": "22",
            "ssh_private_key": null,
            "ssh_user": null,
            "sshkeys": "ssh-rsa AAAAB3NzaC1yc2EAAAADAQABAAACAQCX1FHzcPhG9zPBtBeVml/3NY83PIP25gaxxTDAfsjKAEF/0/UjvJ0QxiC/xetwmSVYG4sMRM4+txmWG/jVjgFcyBJqy9GJnnQCQ6uu1oNP8/DyM/Ti+T8B/S4xR88IEuwzdqm/r+k5WbcO6EK6oGrJ6gDb8+PGc8Fz5Of+DrXeJ989vn9DACA2ZYYBLj7M5InVhHYO240GgEGNnvmZZL1v+Jfa5j8OgJfA/SWT98/nJtU5eOgTyzYQ6RG5ke6EJOCKOe55NWgb0R2pjtNN684r8eSs7utm0HfFzX56q53MXpM8HTZKkNgC9nmYXugr644mrPDKyDJYjCaG/b7C0LooPWsfVqS/d/NrEbnYcUt09tCFNb221IDBhz7G16eVSq6AsdQ9nNTyHMxu86FSz9Ch1oZ0BZrmjozaXqsZgr4KeER64QVcAldoJK1EzVM6hcYbkN7PGH9eNYhpQIl+I4NXXL6IhmkCbOE3TEhriWyokpw7iGVLTu10WZBBpRbxhHREvl4MuRdSfReWovJ3+jTU82sS4GnvgwkmtbqWNZcfQ2qdDCfF274Fm9DlR/l5feUk9CdOXfDW6vuyGTF5q4dbFlyzFAmfNexAVRv5qblcTTPs6sw/SSltFdmOsbHpEIXvh992iM2Z2dbrfhdWPVqAGk0u+0X0/RW1ASgqjGwY5Q== russo@eno\n",
            "start_at_node_boot": true,
            "startup": null,
            "startup_shutdown": [
              {
                "order": -1,
                "shutdown_timeout": -1,
                "startup_delay": -1
              }
            ],
            "tablet": true,
            "tags": "masters",
            "target_node": "eno",
            "target_nodes": null,
            "timeouts": null,
            "tpm_state": [],
            "unused_disk": [],
            "usb": [],
            "usbs": [],
            "vcpus": null,
            "vga": [],
            "vm_state": "running",
            "vmid": 300
          },
          "sensitive_attributes": [
            [
              {
                "type": "get_attr",
                "value": "cipassword"
              }
            ],
            [
              {
                "type": "get_attr",
                "value": "ssh_private_key"
              }
            ]
          ],
          "identity_schema_version": 0,
          "private": "eyJlMmJmYjczMC1lY2FhLTExZTYtOGY4OC0zNDM2M2JjN2M0YzAiOnsiY3JlYXRlIjoxMjAwMDAwMDAwMDAwLCJkZWZhdWx0IjoxMjAwMDAwMDAwMDAwLCJkZWxldGUiOjEyMDAwMDAwMDAwMDAsInJlYWQiOjEyMDAwMDAwMDAwMDAsInVwZGF0ZSI6MTIwMDAwMDAwMDAwMH19"
        }
      ]
    },
    {
      "mode": "managed",
      "type": "proxmox_vm_qemu",
      "name": "workers",
      "provider": "provider[\"registry.terraform.io/telmate/proxmox\"]",
      "instances": [
        {
          "index_key": 0,
          "schema_version": 0,
          "attributes": {
            "additional_wait": 5,
            "agent": 1,
            "agent_timeout": 90,
            "args": "",
            "automatic_reboot": true,
            "automatic_reboot_severity": "error",
            "balloon": 0,
            "bios": "seabios",
            "boot": "c",
            "bootdisk": "scsi0",
            "ci_wait": null,
            "cicustom": null,
            "cipassword": "",
            "ciupgrade": false,
            "ciuser": "ubuntu",
            "clone": "ubuntu-2204-cloud-init",
            "clone_id": null,
            "clone_wait": 10,
            "cores": 1,
            "cpu": [],
            "cpu_type": "host",
            "current_node": "eno",
            "default_ipv4_address": "192.168.0.90",
            "default_ipv6_address": "",
            "define_connection_info": true,
            "desc": null,
            "description": "Managed by Terraform.",
            "disk": [
              {
                "asyncio": "",
                "backup": true,
                "cache": "",
                "discard": false,
                "disk_file": "",
                "emulatessd": false,
                "format": "raw",
                "id": 0,
                "iops_r_burst": 0,
                "iops_r_burst_length": 0,
                "iops_r_concurrent": 0,
                "iops_wr_burst": 0,
                "iops_wr_burst_length": 0,
                "iops_wr_concurrent": 0,
                "iothread": false,
                "iso": "",
                "linked_disk_id": 0,
                "mbps_r_burst": 0,
                "mbps_r_concurrent": 0,
                "mbps_wr_burst": 0,
                "mbps_wr_concurrent": 0,
                "passthrough": false,
                "readonly": false,
                "replicate": false,
                "serial": "",
                "size": "",
                "slot": "ide2",
                "storage": "local-lvm",
                "type": "cloudinit",
                "wwn": ""
              },
              {
                "asyncio": "",
                "backup": true,
                "cache": "",
                "discard": true,
                "disk_file": "",
                "emulatessd": false,
                "format": "raw",
                "id": 0,
                "iops_r_burst": 0,
                "iops_r_burst_length": 0,
                "iops_r_concurrent": 0,
                "iops_wr_burst": 0,
                "iops_wr_burst_length": 0,
                "iops_wr_concurrent": 0,
                "iothread": false,
                "iso": "",
                "linked_disk_id": -1,
                "mbps_r_burst": 0,
                "mbps_r_concurrent": 0,
                "mbps_wr_burst": 0,
                "mbps_wr_concurrent": 0,
                "passthrough": false,
                "readonly": false,
                "replicate": false,
                "serial": "",
                "size": "160G",
                "slot": "scsi0",
                "storage": "local-lvm",
                "type": "disk",
                "wwn": ""
              }
            ],
            "disks": [],
            "efidisk": [],
            "force_create": false,
            "force_recreate_on_change_of": null,
            "full_clone": true,
            "hagroup": "",
            "hastate": "",
            "hostpci": [],
            "hotplug": "network,disk,usb",
            "id": "eno/qemu/400",
            "ipconfig0": "ip=192.168.0.90/24,gw=192.168.0.1",
            "ipconfig1": null,
            "ipconfig10": null,
            "ipconfig11": null,
            "ipconfig12": null,
            "ipconfig13": null,
            "ipconfig14": null,
            "ipconfig15": null,
            "ipconfig2": null,
            "ipconfig3": null,
            "ipconfig4": null,
            "ipconfig5": null,
            "ipconfig6": null,
            "ipconfig7": null,
            "ipconfig8": null,
            "ipconfig9": null,
            "kvm": true,
            "linked_vmid": 0,
            "machine": "",
            "memory": 2048,
            "name": "k8s-worker-0",
            "nameserver": null,
            "network": [
              {
                "bridge": "vmbr0",
                "firewall": false,
                "id": 0,
                "link_down": false,
                "macaddr": "bc:24:11:f3:20:0b",
                "model": "virtio",
                "mtu": 0,
                "queues": 0,
                "rate": 0,
                "tag": 0
              }
            ],
            "numa": false,
            "onboot": null,
            "os_network_config": null,
            "os_type": null,
            "pci": [],
            "pcis": [],
            "pool": "",
            "power_state": null,
            "protection": false,
            "pxe": null,
            "qemu_os": "l26",
            "reboot_required": false,
            "rng": [],
            "scsihw": "virtio-scsi-pci",
            "searchdomain": null,
            "serial": [
              {
                "id": 0,
                "type": "socket"
              }
            ],
            "skip_ipv4": false,
            "skip_ipv6": false,
            "smbios": [
              {
                "family": "",
                "manufacturer": "",
                "product": "",
                "serial": "",
                "sku": "",
                "uuid": "662ec511-3b96-42b4-b781-07ea54011f44",
                "version": ""
              }
            ],
            "sockets": 1,
            "ssh_forward_ip": null,
            "ssh_host": "192.168.0.90",
            "ssh_port": "22",
            "ssh_private_key": null,
            "ssh_user": null,
            "sshkeys": "ssh-rsa AAAAB3NzaC1yc2EAAAADAQABAAACAQCX1FHzcPhG9zPBtBeVml/3NY83PIP25gaxxTDAfsjKAEF/0/UjvJ0QxiC/xetwmSVYG4sMRM4+txmWG/jVjgFcyBJqy9GJnnQCQ6uu1oNP8/DyM/Ti+T8B/S4xR88IEuwzdqm/r+k5WbcO6EK6oGrJ6gDb8+PGc8Fz5Of+DrXeJ989vn9DACA2ZYYBLj7M5InVhHYO240GgEGNnvmZZL1v+Jfa5j8OgJfA/SWT98/nJtU5eOgTyzYQ6RG5ke6EJOCKOe55NWgb0R2pjtNN684r8eSs7utm0HfFzX56q53MXpM8HTZKkNgC9nmYXugr644mrPDKyDJYjCaG/b7C0LooPWsfVqS/d/NrEbnYcUt09tCFNb221IDBhz7G16eVSq6AsdQ9nNTyHMxu86FSz9Ch1oZ0BZrmjozaXqsZgr4KeER64QVcAldoJK1EzVM6hcYbkN7PGH9eNYhpQIl+I4NXXL6IhmkCbOE3TEhriWyokpw7iGVLTu10WZBBpRbxhHREvl4MuRdSfReWovJ3+jTU82sS4GnvgwkmtbqWNZcfQ2qdDCfF274Fm9DlR/l5feUk9CdOXfDW6vuyGTF5q4dbFlyzFAmfNexAVRv5qblcTTPs6sw/SSltFdmOsbHpEIXvh992iM2Z2dbrfhdWPVqAGk0u+0X0/RW1ASgqjGwY5Q== russo@eno\n",
            "start_at_node_boot": true,
            "startup": null,
            "startup_shutdown": [
              {
                "order": -1,
                "shutdown_timeout": -1,
                "startup_delay": -1
              }
            ],
            "tablet": true,
            "tags": "workers",
            "target_node": "eno",
            "target_nodes": null,
            "timeouts": null,
            "tpm_state": [],
            "unused_disk": [],
            "usb": [],
            "usbs": [],
            "vcpus": null,
            "vga": [],
            "vm_state": "running",
            "vmid": 400
          },
          "sensitive_attributes": [
            [
              {
                "type": "get_attr",
                "value": "cipassword"
              }
            ],
            [
              {
                "type": "get_attr",
                "value": "ssh_private_key"
              }
            ]
          ],
          "identity_schema_version": 0,
          "private": "eyJlMmJmYjczMC1lY2FhLTExZTYtOGY4OC0zNDM2M2JjN2M0YzAiOnsiY3JlYXRlIjoxMjAwMDAwMDAwMDAwLCJkZWZhdWx0IjoxMjAwMDAwMDAwMDAwLCJkZWxldGUiOjEyMDAwMDAwMDAwMDAsInJlYWQiOjEyMDAwMDAwMDAwMDAsInVwZGF0ZSI6MTIwMDAwMDAwMDAwMH19"
        }
      ]
    }
  ],
  "check_results": null
}
